
Microsoft Visual Studio Solution File, Format Version 11.00
# Visual Studio 2010
Project("{FAE04EC0-301F-11D3-BF4B-00C04F79EFBC}") = "testcalc", "testcalc\testcalc.csproj", "{CDEE9A43-C565-47D3-AF0B-3ED44C9CF099}"
EndProject
Global
	GlobalSection(SolutionConfigurationPlatforms) = preSolution
		Debug|x86 = Debug|x86
		Release|x86 = Release|x86
	EndGlobalSection
	GlobalSection(ProjectConfigurationPlatforms) = postSolution
		{CDEE9A43-C565-47D3-AF0B-3ED44C9CF099}.Debug|x86.ActiveCfg = Debug|x86
		{CDEE9A43-C565-47D3-AF0B-3ED44C9CF099}.Debug|x86.Build.0 = Debug|x86
		{CDEE9A43-C565-47D3-AF0B-3ED44C9CF099}.Release|x86.ActiveCfg = Release|x86
		{CDEE9A43-C565-47D3-AF0B-3ED44C9CF099}.Release|x86.Build.0 = Release|x86
	EndGlobalSection
	GlobalSection(MonoDevelopProperties) = preSolution
		StartupItem = testcalc\testcalc.csproj
	EndGlobalSection
EndGlobal
